
Microsoft Visual Studio Solution File, Format Version 12.00
# Visual Studio Version 16
VisualStudioVersion = 16.0.29503.13
MinimumVisualStudioVersion = 10.0.40219.1
Project("{FAE04EC0-301F-11D3-BF4B-00C04F79EFBC}") = "AutoCompleteBlazor", "AutoCompleteBlazor\AutoCompleteBlazor.csproj", "{20D7540D-38CC-4B1D-A9C0-FB193BF2293D}"
EndProject
Global
	GlobalSection(SolutionConfigurationPlatforms) = preSolution
		Debug|Any CPU = Debug|Any CPU
		Release|Any CPU = Release|Any CPU
	EndGlobalSection
	GlobalSection(ProjectConfigurationPlatforms) = postSolution
		{20D7540D-38CC-4B1D-A9C0-FB193BF2293D}.Debug|Any CPU.ActiveCfg = Debug|Any CPU
		{20D7540D-38CC-4B1D-A9C0-FB193BF2293D}.Debug|Any CPU.Build.0 = Debug|Any CPU
		{20D7540D-38CC-4B1D-A9C0-FB193BF2293D}.Release|Any CPU.ActiveCfg = Release|Any CPU
		{20D7540D-38CC-4B1D-A9C0-FB193BF2293D}.Release|Any CPU.Build.0 = Release|Any CPU
	EndGlobalSection
	GlobalSection(SolutionProperties) = preSolution
		HideSolutionNode = FALSE
	EndGlobalSection
	GlobalSection(ExtensibilityGlobals) = postSolution
		SolutionGuid = {2E610892-A92D-47D2-AA71-045F53BDA391}
	EndGlobalSection
EndGlobal
